
Microsoft Visual Studio Solution File, Format Version 12.00
Project("{FAE04EC0-301F-11D3-BF4B-00C04F79EFBC}") = "PlatformService", "PlatformService.csproj", "{22C0F864-B24C-4695-A0AB-30A6AD6AD2EF}"
EndProject
Global
	GlobalSection(SolutionConfigurationPlatforms) = preSolution
		Debug|Any CPU = Debug|Any CPU
		Release|Any CPU = Release|Any CPU
	EndGlobalSection
	GlobalSection(ProjectConfigurationPlatforms) = postSolution
		{22C0F864-B24C-4695-A0AB-30A6AD6AD2EF}.Debug|Any CPU.ActiveCfg = Debug|Any CPU
		{22C0F864-B24C-4695-A0AB-30A6AD6AD2EF}.Debug|Any CPU.Build.0 = Debug|Any CPU
		{22C0F864-B24C-4695-A0AB-30A6AD6AD2EF}.Release|Any CPU.ActiveCfg = Release|Any CPU
		{22C0F864-B24C-4695-A0AB-30A6AD6AD2EF}.Release|Any CPU.Build.0 = Release|Any CPU
	EndGlobalSection
EndGlobal
