
Microsoft Visual Studio Solution File, Format Version 12.00
# Visual Studio Version 17
VisualStudioVersion = 17.1.32407.343
MinimumVisualStudioVersion = 10.0.40219.1
Project("{9A19103F-16F7-4668-BE54-9A1E7A4F7556}") = "PlatformService", "PlatformService.csproj", "{22C0F864-B24C-4695-A0AB-30A6AD6AD2EF}"
EndProject
Project("{FAE04EC0-301F-11D3-BF4B-00C04F79EFBC}") = "CommandsService", "..\CommandsService\CommandsService.csproj", "{B044C34B-AFEA-4E93-B2BB-5EF00A45FAA5}"
EndProject
Global
	GlobalSection(SolutionConfigurationPlatforms) = preSolution
		Debug|Any CPU = Debug|Any CPU
		Release|Any CPU = Release|Any CPU
	EndGlobalSection
	GlobalSection(ProjectConfigurationPlatforms) = postSolution
		{22C0F864-B24C-4695-A0AB-30A6AD6AD2EF}.Debug|Any CPU.ActiveCfg = Debug|Any CPU
		{22C0F864-B24C-4695-A0AB-30A6AD6AD2EF}.Debug|Any CPU.Build.0 = Debug|Any CPU
		{22C0F864-B24C-4695-A0AB-30A6AD6AD2EF}.Release|Any CPU.ActiveCfg = Release|Any CPU
		{22C0F864-B24C-4695-A0AB-30A6AD6AD2EF}.Release|Any CPU.Build.0 = Release|Any CPU
		{B044C34B-AFEA-4E93-B2BB-5EF00A45FAA5}.Debug|Any CPU.ActiveCfg = Debug|Any CPU
		{B044C34B-AFEA-4E93-B2BB-5EF00A45FAA5}.Debug|Any CPU.Build.0 = Debug|Any CPU
		{B044C34B-AFEA-4E93-B2BB-5EF00A45FAA5}.Release|Any CPU.ActiveCfg = Release|Any CPU
		{B044C34B-AFEA-4E93-B2BB-5EF00A45FAA5}.Release|Any CPU.Build.0 = Release|Any CPU
	EndGlobalSection
	GlobalSection(SolutionProperties) = preSolution
		HideSolutionNode = FALSE
	EndGlobalSection
	GlobalSection(ExtensibilityGlobals) = postSolution
		SolutionGuid = {7ECB6744-3E16-4362-B408-859678B7F36A}
	EndGlobalSection
EndGlobal
